// !$*UTF8*$!
{
	archiveVersion = 1;
	classes = {
	};
	objectVersion = 50;
	objects = {

/* Begin PBXBuildFile section */
		B7882B5724DD1F4700ADF0EB /* AppDelegate.swift in Sources */ = {isa = PBXBuildFile; fileRef = B7882B5624DD1F4700ADF0EB /* AppDelegate.swift */; };
		B7882B5924DD1F4700ADF0EB /* SceneDelegate.swift in Sources */ = {isa = PBXBuildFile; fileRef = B7882B5824DD1F4700ADF0EB /* SceneDelegate.swift */; };
		B7882B5B24DD1F4700ADF0EB /* ViewController.swift in Sources */ = {isa = PBXBuildFile; fileRef = B7882B5A24DD1F4700ADF0EB /* ViewController.swift */; };
		B7882B5E24DD1F4700ADF0EB /* Main.storyboard in Resources */ = {isa = PBXBuildFile; fileRef = B7882B5C24DD1F4700ADF0EB /* Main.storyboard */; };
		B7882B6024DD1F4B00ADF0EB /* Assets.xcassets in Resources */ = {isa = PBXBuildFile; fileRef = B7882B5F24DD1F4B00ADF0EB /* Assets.xcassets */; };
		B7882B6324DD1F4B00ADF0EB /* LaunchScreen.storyboard in Resources */ = {isa = PBXBuildFile; fileRef = B7882B6124DD1F4B00ADF0EB /* LaunchScreen.storyboard */; };
		B7CFB72E24E45CE00074CC08 /* Model.xcdatamodeld in Sources */ = {isa = PBXBuildFile; fileRef = B7CFB72C24E45CE00074CC08 /* Model.xcdatamodeld */; };
		B7CFB75E24E63E240074CC08 /* CounterViewController.swift in Sources */ = {isa = PBXBuildFile; fileRef = B7CFB75D24E63E240074CC08 /* CounterViewController.swift */; };
		B7CFB76024E7099E0074CC08 /* DataCollectionViewController.swift in Sources */ = {isa = PBXBuildFile; fileRef = B7CFB75F24E7099E0074CC08 /* DataCollectionViewController.swift */; };
/* End PBXBuildFile section */

/* Begin PBXFileReference section */
		B7882B5324DD1F4700ADF0EB /* Swolverine-beta.app */ = {isa = PBXFileReference; explicitFileType = wrapper.application; includeInIndex = 0; path = "Swolverine-beta.app"; sourceTree = BUILT_PRODUCTS_DIR; };
		B7882B5624DD1F4700ADF0EB /* AppDelegate.swift */ = {isa = PBXFileReference; lastKnownFileType = sourcecode.swift; path = AppDelegate.swift; sourceTree = "<group>"; };
		B7882B5824DD1F4700ADF0EB /* SceneDelegate.swift */ = {isa = PBXFileReference; lastKnownFileType = sourcecode.swift; path = SceneDelegate.swift; sourceTree = "<group>"; };
		B7882B5A24DD1F4700ADF0EB /* ViewController.swift */ = {isa = PBXFileReference; lastKnownFileType = sourcecode.swift; path = ViewController.swift; sourceTree = "<group>"; };
		B7882B5D24DD1F4700ADF0EB /* Base */ = {isa = PBXFileReference; lastKnownFileType = file.storyboard; name = Base; path = Base.lproj/Main.storyboard; sourceTree = "<group>"; };
		B7882B5F24DD1F4B00ADF0EB /* Assets.xcassets */ = {isa = PBXFileReference; lastKnownFileType = folder.assetcatalog; path = Assets.xcassets; sourceTree = "<group>"; };
		B7882B6224DD1F4B00ADF0EB /* Base */ = {isa = PBXFileReference; lastKnownFileType = file.storyboard; name = Base; path = Base.lproj/LaunchScreen.storyboard; sourceTree = "<group>"; };
		B7882B6424DD1F4B00ADF0EB /* Info.plist */ = {isa = PBXFileReference; lastKnownFileType = text.plist.xml; path = Info.plist; sourceTree = "<group>"; };
		B7CFB72B24E1CCA80074CC08 /* en */ = {isa = PBXFileReference; lastKnownFileType = text.plist.strings; name = en; path = en.lproj/Main.strings; sourceTree = "<group>"; };
		B7CFB72D24E45CE00074CC08 /* Model.xcdatamodel */ = {isa = PBXFileReference; lastKnownFileType = wrapper.xcdatamodel; path = Model.xcdatamodel; sourceTree = "<group>"; };
		B7CFB75D24E63E240074CC08 /* CounterViewController.swift */ = {isa = PBXFileReference; lastKnownFileType = sourcecode.swift; path = CounterViewController.swift; sourceTree = "<group>"; };
		B7CFB75F24E7099E0074CC08 /* DataCollectionViewController.swift */ = {isa = PBXFileReference; lastKnownFileType = sourcecode.swift; path = DataCollectionViewController.swift; sourceTree = "<group>"; };
/* End PBXFileReference section */

/* Begin PBXFrameworksBuildPhase section */
		B7882B5024DD1F4700ADF0EB /* Frameworks */ = {
			isa = PBXFrameworksBuildPhase;
			buildActionMask = 2147483647;
			files = (
			);
			runOnlyForDeploymentPostprocessing = 0;
		};
/* End PBXFrameworksBuildPhase section */

/* Begin PBXGroup section */
		B7882B4A24DD1F4700ADF0EB = {
			isa = PBXGroup;
			children = (
				B7882B5524DD1F4700ADF0EB /* Swolverine-beta */,
				B7882B5424DD1F4700ADF0EB /* Products */,
			);
			sourceTree = "<group>";
		};
		B7882B5424DD1F4700ADF0EB /* Products */ = {
			isa = PBXGroup;
			children = (
				B7882B5324DD1F4700ADF0EB /* Swolverine-beta.app */,
			);
			name = Products;
			sourceTree = "<group>";
		};
		B7882B5524DD1F4700ADF0EB /* Swolverine-beta */ = {
			isa = PBXGroup;
			children = (
				B7882B5624DD1F4700ADF0EB /* AppDelegate.swift */,
				B7882B5824DD1F4700ADF0EB /* SceneDelegate.swift */,
				B7882B5A24DD1F4700ADF0EB /* ViewController.swift */,
				B7CFB72C24E45CE00074CC08 /* Model.xcdatamodeld */,
				B7CFB75D24E63E240074CC08 /* CounterViewController.swift */,
				B7882B5C24DD1F4700ADF0EB /* Main.storyboard */,
				B7CFB75F24E7099E0074CC08 /* DataCollectionViewController.swift */,
				B7882B5F24DD1F4B00ADF0EB /* Assets.xcassets */,
				B7882B6124DD1F4B00ADF0EB /* LaunchScreen.storyboard */,
				B7882B6424DD1F4B00ADF0EB /* Info.plist */,
			);
			path = "Swolverine-beta";
			sourceTree = "<group>";
		};
/* End PBXGroup section */

/* Begin PBXNativeTarget section */
		B7882B5224DD1F4700ADF0EB /* Swolverine-beta */ = {
			isa = PBXNativeTarget;
			buildConfigurationList = B7882B6724DD1F4B00ADF0EB /* Build configuration list for PBXNativeTarget "Swolverine-beta" */;
			buildPhases = (
				B7882B4F24DD1F4700ADF0EB /* Sources */,
				B7882B5024DD1F4700ADF0EB /* Frameworks */,
				B7882B5124DD1F4700ADF0EB /* Resources */,
			);
			buildRules = (
			);
			dependencies = (
			);
			name = "Swolverine-beta";
			productName = "Swolverine-beta";
			productReference = B7882B5324DD1F4700ADF0EB /* Swolverine-beta.app */;
			productType = "com.apple.product-type.application";
		};
/* End PBXNativeTarget section */

/* Begin PBXProject section */
		B7882B4B24DD1F4700ADF0EB /* Project object */ = {
			isa = PBXProject;
			attributes = {
				LastSwiftUpdateCheck = 1160;
				LastUpgradeCheck = 1160;
				ORGANIZATIONNAME = "Erick Cochea";
				TargetAttributes = {
					B7882B5224DD1F4700ADF0EB = {
						CreatedOnToolsVersion = 11.6;
					};
				};
			};
			buildConfigurationList = B7882B4E24DD1F4700ADF0EB /* Build configuration list for PBXProject "Swolverine-beta" */;
			compatibilityVersion = "Xcode 9.3";
			developmentRegion = en;
			hasScannedForEncodings = 0;
			knownRegions = (
				en,
				Base,
			);
			mainGroup = B7882B4A24DD1F4700ADF0EB;
			productRefGroup = B7882B5424DD1F4700ADF0EB /* Products */;
			projectDirPath = "";
			projectRoot = "";
			targets = (
				B7882B5224DD1F4700ADF0EB /* Swolverine-beta */,
			);
		};
/* End PBXProject section */

/* Begin PBXResourcesBuildPhase section */
		B7882B5124DD1F4700ADF0EB /* Resources */ = {
			isa = PBXResourcesBuildPhase;
			buildActionMask = 2147483647;
			files = (
				B7882B6324DD1F4B00ADF0EB /* LaunchScreen.storyboard in Resources */,
				B7882B6024DD1F4B00ADF0EB /* Assets.xcassets in Resources */,
				B7882B5E24DD1F4700ADF0EB /* Main.storyboard in Resources */,
			);
			runOnlyForDeploymentPostprocessing = 0;
		};
/* End PBXResourcesBuildPhase section */

/* Begin PBXSourcesBuildPhase section */
		B7882B4F24DD1F4700ADF0EB /* Sources */ = {
			isa = PBXSourcesBuildPhase;
			buildActionMask = 2147483647;
			files = (
				B7CFB76024E7099E0074CC08 /* DataCollectionViewController.swift in Sources */,
				B7CFB75E24E63E240074CC08 /* CounterViewController.swift in Sources */,
				B7882B5B24DD1F4700ADF0EB /* ViewController.swift in Sources */,
				B7882B5724DD1F4700ADF0EB /* AppDelegate.swift in Sources */,
				B7882B5924DD1F4700ADF0EB /* SceneDelegate.swift in Sources */,
				B7CFB72E24E45CE00074CC08 /* Model.xcdatamodeld in Sources */,
			);
			runOnlyForDeploymentPostprocessing = 0;
		};
/* End PBXSourcesBuildPhase section */

/* Begin PBXVariantGroup section */
		B7882B5C24DD1F4700ADF0EB /* Main.storyboard */ = {
			isa = PBXVariantGroup;
			children = (
				B7882B5D24DD1F4700ADF0EB /* Base */,
				B7CFB72B24E1CCA80074CC08 /* en */,
			);
			name = Main.storyboard;
			sourceTree = "<group>";
		};
		B7882B6124DD1F4B00ADF0EB /* LaunchScreen.storyboard */ = {
			isa = PBXVariantGroup;
			children = (
				B7882B6224DD1F4B00ADF0EB /* Base */,
			);
			name = LaunchScreen.storyboard;
			sourceTree = "<group>";
		};
/* End PBXVariantGroup section */

/* Begin XCBuildConfiguration section */
		B7882B6524DD1F4B00ADF0EB /* Debug */ = {
			isa = XCBuildConfiguration;
			buildSettings = {
				ALWAYS_SEARCH_USER_PATHS = NO;
				CLANG_ANALYZER_NONNULL = YES;
				CLANG_ANALYZER_NUMBER_OBJECT_CONVERSION = YES_AGGRESSIVE;
				CLANG_CXX_LANGUAGE_STANDARD = "gnu++14";
				CLANG_CXX_LIBRARY = "libc++";
				CLANG_ENABLE_MODULES = YES;
				CLANG_ENABLE_OBJC_ARC = YES;
				CLANG_ENABLE_OBJC_WEAK = YES;
				CLANG_WARN_BLOCK_CAPTURE_AUTORELEASING = YES;
				CLANG_WARN_BOOL_CONVERSION = YES;
				CLANG_WARN_COMMA = YES;
				CLANG_WARN_CONSTANT_CONVERSION = YES;
				CLANG_WARN_DEPRECATED_OBJC_IMPLEMENTATIONS = YES;
				CLANG_WARN_DIRECT_OBJC_ISA_USAGE = YES_ERROR;
				CLANG_WARN_DOCUMENTATION_COMMENTS = YES;
				CLANG_WARN_EMPTY_BODY = YES;
				CLANG_WARN_ENUM_CONVERSION = YES;
				CLANG_WARN_INFINITE_RECURSION = YES;
				CLANG_WARN_INT_CONVERSION = YES;
				CLANG_WARN_NON_LITERAL_NULL_CONVERSION = YES;
				CLANG_WARN_OBJC_IMPLICIT_RETAIN_SELF = YES;
				CLANG_WARN_OBJC_LITERAL_CONVERSION = YES;
				CLANG_WARN_OBJC_ROOT_CLASS = YES_ERROR;
				CLANG_WARN_RANGE_LOOP_ANALYSIS = YES;
				CLANG_WARN_STRICT_PROTOTYPES = YES;
				CLANG_WARN_SUSPICIOUS_MOVE = YES;
				CLANG_WARN_UNGUARDED_AVAILABILITY = YES_AGGRESSIVE;
				CLANG_WARN_UNREACHABLE_CODE = YES;
				CLANG_WARN__DUPLICATE_METHOD_MATCH = YES;
				COPY_PHASE_STRIP = NO;
				DEBUG_INFORMATION_FORMAT = dwarf;
				ENABLE_STRICT_OBJC_MSGSEND = YES;
				ENABLE_TESTABILITY = YES;
				GCC_C_LANGUAGE_STANDARD = gnu11;
				GCC_DYNAMIC_NO_PIC = NO;
				GCC_NO_COMMON_BLOCKS = YES;
				GCC_OPTIMIZATION_LEVEL = 0;
				GCC_PREPROCESSOR_DEFINITIONS = (
					"DEBUG=1",
					"$(inherited)",
				);
				GCC_WARN_64_TO_32_BIT_CONVERSION = YES;
				GCC_WARN_ABOUT_RETURN_TYPE = YES_ERROR;
				GCC_WARN_UNDECLARED_SELECTOR = YES;
				GCC_WARN_UNINITIALIZED_AUTOS = YES_AGGRESSIVE;
				GCC_WARN_UNUSED_FUNCTION = YES;
				GCC_WARN_UNUSED_VARIABLE = YES;
				IPHONEOS_DEPLOYMENT_TARGET = 13.6;
				MTL_ENABLE_DEBUG_INFO = INCLUDE_SOURCE;
				MTL_FAST_MATH = YES;
				ONLY_ACTIVE_ARCH = YES;
				SDKROOT = iphoneos;
				SWIFT_ACTIVE_COMPILATION_CONDITIONS = DEBUG;
				SWIFT_OPTIMIZATION_LEVEL = "-Onone";
			};
			name = Debug;
		};
		B7882B6624DD1F4B00ADF0EB /* Release */ = {
			isa = XCBuildConfiguration;
			buildSettings = {
				ALWAYS_SEARCH_USER_PATHS = NO;
				CLANG_ANALYZER_NONNULL = YES;
				CLANG_ANALYZER_NUMBER_OBJECT_CONVERSION = YES_AGGRESSIVE;
				CLANG_CXX_LANGUAGE_STANDARD = "gnu++14";
				CLANG_CXX_LIBRARY = "libc++";
				CLANG_ENABLE_MODULES = YES;
				CLANG_ENABLE_OBJC_ARC = YES;
				CLANG_ENABLE_OBJC_WEAK = YES;
				CLANG_WARN_BLOCK_CAPTURE_AUTORELEASING = YES;
				CLANG_WARN_BOOL_CONVERSION = YES;
				CLANG_WARN_COMMA = YES;
				CLANG_WARN_CONSTANT_CONVERSION = YES;
				CLANG_WARN_DEPRECATED_OBJC_IMPLEMENTATIONS = YES;
				CLANG_WARN_DIRECT_OBJC_ISA_USAGE = YES_ERROR;
				CLANG_WARN_DOCUMENTATION_COMMENTS = YES;
				CLANG_WARN_EMPTY_BODY = YES;
				CLANG_WARN_ENUM_CONVERSION = YES;
				CLANG_WARN_INFINITE_RECURSION = YES;
				CLANG_WARN_INT_CONVERSION = YES;
				CLANG_WARN_NON_LITERAL_NULL_CONVERSION = YES;
				CLANG_WARN_OBJC_IMPLICIT_RETAIN_SELF = YES;
				CLANG_WARN_OBJC_LITERAL_CONVERSION = YES;
				CLANG_WARN_OBJC_ROOT_CLASS = YES_ERROR;
				CLANG_WARN_RANGE_LOOP_ANALYSIS = YES;
				CLANG_WARN_STRICT_PROTOTYPES = YES;
				CLANG_WARN_SUSPICIOUS_MOVE = YES;
				CLANG_WARN_UNGUARDED_AVAILABILITY = YES_AGGRESSIVE;
				CLANG_WARN_UNREACHABLE_CODE = YES;
				CLANG_WARN__DUPLICATE_METHOD_MATCH = YES;
				COPY_PHASE_STRIP = NO;
				DEBUG_INFORMATION_FORMAT = "dwarf-with-dsym";
				ENABLE_NS_ASSERTIONS = NO;
				ENABLE_STRICT_OBJC_MSGSEND = YES;
				GCC_C_LANGUAGE_STANDARD = gnu11;
				GCC_NO_COMMON_BLOCKS = YES;
				GCC_WARN_64_TO_32_BIT_CONVERSION = YES;
				GCC_WARN_ABOUT_RETURN_TYPE = YES_ERROR;
				GCC_WARN_UNDECLARED_SELECTOR = YES;
				GCC_WARN_UNINITIALIZED_AUTOS = YES_AGGRESSIVE;
				GCC_WARN_UNUSED_FUNCTION = YES;
				GCC_WARN_UNUSED_VARIABLE = YES;
				IPHONEOS_DEPLOYMENT_TARGET = 13.6;
				MTL_ENABLE_DEBUG_INFO = NO;
				MTL_FAST_MATH = YES;
				SDKROOT = iphoneos;
				SWIFT_COMPILATION_MODE = wholemodule;
				SWIFT_OPTIMIZATION_LEVEL = "-O";
				VALIDATE_PRODUCT = YES;
			};
			name = Release;
		};
		B7882B6824DD1F4B00ADF0EB /* Debug */ = {
			isa = XCBuildConfiguration;
			buildSettings = {
				ASSETCATALOG_COMPILER_APPICON_NAME = AppIcon;
				CODE_SIGN_STYLE = Automatic;
				DEVELOPMENT_TEAM = 332TL237RM;
				INFOPLIST_FILE = "Swolverine-beta/Info.plist";
				IPHONEOS_DEPLOYMENT_TARGET = 13.0;
				LD_RUNPATH_SEARCH_PATHS = (
					"$(inherited)",
					"@executable_path/Frameworks",
				);
				PRODUCT_BUNDLE_IDENTIFIER = "Persnal-Computer.Swolverine-beta";
				PRODUCT_NAME = "$(TARGET_NAME)";
				SWIFT_VERSION = 5.0;
				TARGETED_DEVICE_FAMILY = "1,2";
			};
			name = Debug;
		};
		B7882B6924DD1F4B00ADF0EB /* Release */ = {
			isa = XCBuildConfiguration;
			buildSettings = {
				ASSETCATALOG_COMPILER_APPICON_NAME = AppIcon;
				CODE_SIGN_STYLE = Automatic;
				DEVELOPMENT_TEAM = 332TL237RM;
				INFOPLIST_FILE = "Swolverine-beta/Info.plist";
				IPHONEOS_DEPLOYMENT_TARGET = 13.0;
				LD_RUNPATH_SEARCH_PATHS = (
					"$(inherited)",
					"@executable_path/Frameworks",
				);
				PRODUCT_BUNDLE_IDENTIFIER = "Persnal-Computer.Swolverine-beta";
				PRODUCT_NAME = "$(TARGET_NAME)";
				SWIFT_VERSION = 5.0;
				TARGETED_DEVICE_FAMILY = "1,2";
			};
			name = Release;
		};
/* End XCBuildConfiguration section */

/* Begin XCConfigurationList section */
		B7882B4E24DD1F4700ADF0EB /* Build configuration list for PBXProject "Swolverine-beta" */ = {
			isa = XCConfigurationList;
			buildConfigurations = (
				B7882B6524DD1F4B00ADF0EB /* Debug */,
				B7882B6624DD1F4B00ADF0EB /* Release */,
			);
			defaultConfigurationIsVisible = 0;
			defaultConfigurationName = Release;
		};
		B7882B6724DD1F4B00ADF0EB /* Build configuration list for PBXNativeTarget "Swolverine-beta" */ = {
			isa = XCConfigurationList;
			buildConfigurations = (
				B7882B6824DD1F4B00ADF0EB /* Debug */,
				B7882B6924DD1F4B00ADF0EB /* Release */,
			);
			defaultConfigurationIsVisible = 0;
			defaultConfigurationName = Release;
		};
/* End XCConfigurationList section */

/* Begin XCVersionGroup section */
		B7CFB72C24E45CE00074CC08 /* Model.xcdatamodeld */ = {
			isa = XCVersionGroup;
			children = (
				B7CFB72D24E45CE00074CC08 /* Model.xcdatamodel */,
			);
			currentVersion = B7CFB72D24E45CE00074CC08 /* Model.xcdatamodel */;
			path = Model.xcdatamodeld;
			sourceTree = "<group>";
			versionGroupType = wrapper.xcdatamodel;
		};
/* End XCVersionGroup section */
	};
	rootObject = B7882B4B24DD1F4700ADF0EB /* Project object */;
}
